
Microsoft Visual Studio Solution File, Format Version 12.00
# Visual Studio Version 17
VisualStudioVersion = 17.5.002.0
MinimumVisualStudioVersion = 10.0.40219.1
Project("{9A19103F-16F7-4668-BE54-9A1E7A4F7556}") = "mslearn-dotnet-files", "mslearn-dotnet-files.csproj", "{32A789A5-8C8A-4818-AA8A-39153D8F9260}"
EndProject
Global
	GlobalSection(SolutionConfigurationPlatforms) = preSolution
		Debug|Any CPU = Debug|Any CPU
		Release|Any CPU = Release|Any CPU
	EndGlobalSection
	GlobalSection(ProjectConfigurationPlatforms) = postSolution
		{32A789A5-8C8A-4818-AA8A-39153D8F9260}.Debug|Any CPU.ActiveCfg = Debug|Any CPU
		{32A789A5-8C8A-4818-AA8A-39153D8F9260}.Debug|Any CPU.Build.0 = Debug|Any CPU
		{32A789A5-8C8A-4818-AA8A-39153D8F9260}.Release|Any CPU.ActiveCfg = Release|Any CPU
		{32A789A5-8C8A-4818-AA8A-39153D8F9260}.Release|Any CPU.Build.0 = Release|Any CPU
	EndGlobalSection
	GlobalSection(SolutionProperties) = preSolution
		HideSolutionNode = FALSE
	EndGlobalSection
	GlobalSection(ExtensibilityGlobals) = postSolution
		SolutionGuid = {6237133A-23B3-427C-B8FC-7BB6C88FD8BC}
	EndGlobalSection
EndGlobal
